{
  "lockfileVersion": 1,
  "workspaces": {
    "": {
      "name": "conventional-comments-helper",
      "devDependencies": {
        "@types/chrome": "^0.0.313",
        "typescript": "^5.8.2",
      },
    },
  },
  "packages": {
    "@types/chrome": ["@types/chrome@0.0.313", "", { "dependencies": { "@types/filesystem": "*", "@types/har-format": "*" } }, "sha512-9R5T7gTaYZhkxlu+Ho4wk9FL+y/werWQY2yjGWSqCuiTsqS7nL/BE5UMTP6rU7J+oIG2FRKqrEycHhJATeltVA=="],

    "@types/filesystem": ["@types/filesystem@0.0.36", "", { "dependencies": { "@types/filewriter": "*" } }, ""],

    "@types/filewriter": ["@types/filewriter@0.0.33", "", {}, ""],

    "@types/har-format": ["@types/har-format@1.2.16", "", {}, ""],

    "typescript": ["typescript@5.8.2", "", { "bin": { "tsc": "bin/tsc", "tsserver": "bin/tsserver" } }, "sha512-aJn6wq13/afZp/jT9QZmwEjDqqvSGp1VT5GVg+f/t6/oVyrgXM6BY1h9BRh/O5p3PlUPAe+WuiEZOmb/49RqoQ=="],
  }
}
